
Microsoft Visual Studio Solution File, Format Version 12.00
# Visual Studio 14
VisualStudioVersion = 14.0.25420.1
MinimumVisualStudioVersion = 10.0.40219.1
Project("{8BC9CEB8-8B4A-11D0-8D11-00A0C91BC942}") = "BeingDebugged", "BeingDebugged\BeingDebugged.vcxproj", "{3F34BA98-FD85-428B-AF8B-89AF35CCC648}"
EndProject
Project("{8BC9CEB8-8B4A-11D0-8D11-00A0C91BC942}") = "NtGlobalFlag", "NtGlobalFlag\NtGlobalFlag.vcxproj", "{25A30865-0D0D-430D-913A-CC0DE65E3FBF}"
EndProject
Project("{8BC9CEB8-8B4A-11D0-8D11-00A0C91BC942}") = "NtQueryInformationProcess", "NtQueryInformationProcess\NtQueryInformationProcess.vcxproj", "{7BA898A7-3B0F-428F-8A19-BA7C4444E4E6}"
EndProject
Project("{8BC9CEB8-8B4A-11D0-8D11-00A0C91BC942}") = "STARTUPINFO", "STARTUPINFO\STARTUPINFO.vcxproj", "{A80F0C94-4C73-4087-9832-8134D9B5D13A}"
EndProject
Project("{8BC9CEB8-8B4A-11D0-8D11-00A0C91BC942}") = "SeDebugPrivilege", "SeDebugPrivilege\SeDebugPrivilege.vcxproj", "{3FCBB85F-54FB-4B37-A685-A72D0C347542}"
EndProject
Project("{8BC9CEB8-8B4A-11D0-8D11-00A0C91BC942}") = "Registry", "Registry\Registry.vcxproj", "{D18F6EB5-9E0C-4CBE-8543-9DDFCA7E5082}"
EndProject
Project("{8BC9CEB8-8B4A-11D0-8D11-00A0C91BC942}") = "FindWindow", "FindWindow\FindWindow.vcxproj", "{D98EEC66-036C-4A6D-8059-8682742D61B3}"
EndProject
Project("{8BC9CEB8-8B4A-11D0-8D11-00A0C91BC942}") = "Explorer", "Explorer\Explorer.vcxproj", "{D0E1D62D-2AFC-4F02-97AE-01631070225B}"
EndProject
Project("{8BC9CEB8-8B4A-11D0-8D11-00A0C91BC942}") = "EnumProcess", "EnumProcess\EnumProcess.vcxproj", "{5B294D0E-B597-4010-95DB-53DBA51228FD}"
EndProject
Project("{8BC9CEB8-8B4A-11D0-8D11-00A0C91BC942}") = "NtQueryObject", "NtQqueryObject\NtQqueryObject.vcxproj", "{9FF6AFEB-9735-45C7-A186-A13E210E5488}"
EndProject
Project("{8BC9CEB8-8B4A-11D0-8D11-00A0C91BC942}") = "NtQuerySystemInformation", "NtQuerySystemInformation\NtQuerySystemInformation.vcxproj", "{1CA40F52-F48B-4274-88D1-CD6EC15970AC}"
EndProject
Project("{8BC9CEB8-8B4A-11D0-8D11-00A0C91BC942}") = "ZwSetInformationThread", "ZwSetInformationThread\ZwSetInformationThread.vcxproj", "{AB6E1E44-D7D8-4950-ABB7-246B6353D48C}"
EndProject
Project("{8BC9CEB8-8B4A-11D0-8D11-00A0C91BC942}") = "RDTSC", "RDTSC\RDTSC.vcxproj", "{38F78095-C398-46AB-A2B4-989D88D04932}"
EndProject
Project("{8BC9CEB8-8B4A-11D0-8D11-00A0C91BC942}") = "QueryPerformanceCounter", "QueryPerformanceCounter\QueryPerformanceCounter.vcxproj", "{DE55F58B-039F-4EED-A54B-6CCEE7FE6125}"
EndProject
Project("{8BC9CEB8-8B4A-11D0-8D11-00A0C91BC942}") = "SEH", "SEH\SEH.vcxproj", "{4F2E82E0-22D0-41EF-89CE-764CC5682319}"
EndProject
Project("{8BC9CEB8-8B4A-11D0-8D11-00A0C91BC942}") = "SetUnhandledExceptionFilter", "SetUnhandledExceptionFilter\SetUnhandledExceptionFilter.vcxproj", "{B7B4F0E8-BF9E-4390-87D6-0440D687244F}"
EndProject
Project("{8BC9CEB8-8B4A-11D0-8D11-00A0C91BC942}") = "INT 2D", "INT 2D\INT 2D.vcxproj", "{F6B234FA-6BB1-4F97-9EC5-CFC3DBE786BA}"
EndProject
Project("{8BC9CEB8-8B4A-11D0-8D11-00A0C91BC942}") = "API检测", "API检测\API检测.vcxproj", "{9AF02C5D-8E9A-4ABA-A37D-89898D5124FD}"
EndProject
Project("{8BC9CEB8-8B4A-11D0-8D11-00A0C91BC942}") = "CheckSum", "CheckSum\CheckSum.vcxproj", "{02163DB2-C79D-4281-AD10-50A20248AB41}"
EndProject
Project("{8BC9CEB8-8B4A-11D0-8D11-00A0C91BC942}") = "REP_CALL", "REP_CALL\REP_CALL.vcxproj", "{2AC0294E-81D6-41AD-92EA-B2F47684D01E}"
EndProject
Project("{8BC9CEB8-8B4A-11D0-8D11-00A0C91BC942}") = "SingleStep", "SingleStep\SingleStep.vcxproj", "{A306A8D8-206B-4320-80F5-6BF15CD236BB}"
EndProject
Project("{8BC9CEB8-8B4A-11D0-8D11-00A0C91BC942}") = "POP SS", "POP SS\POP SS.vcxproj", "{2AA860B1-4C42-47FF-9155-C1FCDFC4A343}"
EndProject
Project("{8BC9CEB8-8B4A-11D0-8D11-00A0C91BC942}") = "CreateProcess", "CreateProcess\CreateProcess.vcxproj", "{C34392A0-7918-461E-BE40-84413ADAB9DC}"
EndProject
Project("{8BC9CEB8-8B4A-11D0-8D11-00A0C91BC942}") = "DebugActiveProcess", "DebugActiveProcess\DebugActiveProcess.vcxproj", "{21F6F3D7-9E1B-4D06-8C14-0DF74B65629D}"
EndProject
Project("{8BC9CEB8-8B4A-11D0-8D11-00A0C91BC942}") = "HardwareBreakPoints", "HardwareBreakPoints\HardwareBreakPoints.vcxproj", "{B3F1B2E2-BD98-4283-82A5-2875A814E978}"
EndProject
Global
	GlobalSection(SolutionConfigurationPlatforms) = preSolution
		Debug|x64 = Debug|x64
		Debug|x86 = Debug|x86
		Release|x64 = Release|x64
		Release|x86 = Release|x86
	EndGlobalSection
	GlobalSection(ProjectConfigurationPlatforms) = postSolution
		{3F34BA98-FD85-428B-AF8B-89AF35CCC648}.Debug|x64.ActiveCfg = Debug|x64
		{3F34BA98-FD85-428B-AF8B-89AF35CCC648}.Debug|x64.Build.0 = Debug|x64
		{3F34BA98-FD85-428B-AF8B-89AF35CCC648}.Debug|x86.ActiveCfg = Debug|Win32
		{3F34BA98-FD85-428B-AF8B-89AF35CCC648}.Debug|x86.Build.0 = Debug|Win32
		{3F34BA98-FD85-428B-AF8B-89AF35CCC648}.Release|x64.ActiveCfg = Release|x64
		{3F34BA98-FD85-428B-AF8B-89AF35CCC648}.Release|x64.Build.0 = Release|x64
		{3F34BA98-FD85-428B-AF8B-89AF35CCC648}.Release|x86.ActiveCfg = Release|Win32
		{3F34BA98-FD85-428B-AF8B-89AF35CCC648}.Release|x86.Build.0 = Release|Win32
		{25A30865-0D0D-430D-913A-CC0DE65E3FBF}.Debug|x64.ActiveCfg = Debug|x64
		{25A30865-0D0D-430D-913A-CC0DE65E3FBF}.Debug|x64.Build.0 = Debug|x64
		{25A30865-0D0D-430D-913A-CC0DE65E3FBF}.Debug|x86.ActiveCfg = Debug|Win32
		{25A30865-0D0D-430D-913A-CC0DE65E3FBF}.Debug|x86.Build.0 = Debug|Win32
		{25A30865-0D0D-430D-913A-CC0DE65E3FBF}.Release|x64.ActiveCfg = Release|x64
		{25A30865-0D0D-430D-913A-CC0DE65E3FBF}.Release|x64.Build.0 = Release|x64
		{25A30865-0D0D-430D-913A-CC0DE65E3FBF}.Release|x86.ActiveCfg = Release|Win32
		{25A30865-0D0D-430D-913A-CC0DE65E3FBF}.Release|x86.Build.0 = Release|Win32
		{7BA898A7-3B0F-428F-8A19-BA7C4444E4E6}.Debug|x64.ActiveCfg = Debug|x64
		{7BA898A7-3B0F-428F-8A19-BA7C4444E4E6}.Debug|x64.Build.0 = Debug|x64
		{7BA898A7-3B0F-428F-8A19-BA7C4444E4E6}.Debug|x86.ActiveCfg = Debug|Win32
		{7BA898A7-3B0F-428F-8A19-BA7C4444E4E6}.Debug|x86.Build.0 = Debug|Win32
		{7BA898A7-3B0F-428F-8A19-BA7C4444E4E6}.Release|x64.ActiveCfg = Release|x64
		{7BA898A7-3B0F-428F-8A19-BA7C4444E4E6}.Release|x64.Build.0 = Release|x64
		{7BA898A7-3B0F-428F-8A19-BA7C4444E4E6}.Release|x86.ActiveCfg = Release|Win32
		{7BA898A7-3B0F-428F-8A19-BA7C4444E4E6}.Release|x86.Build.0 = Release|Win32
		{A80F0C94-4C73-4087-9832-8134D9B5D13A}.Debug|x64.ActiveCfg = Debug|x64
		{A80F0C94-4C73-4087-9832-8134D9B5D13A}.Debug|x64.Build.0 = Debug|x64
		{A80F0C94-4C73-4087-9832-8134D9B5D13A}.Debug|x86.ActiveCfg = Debug|Win32
		{A80F0C94-4C73-4087-9832-8134D9B5D13A}.Debug|x86.Build.0 = Debug|Win32
		{A80F0C94-4C73-4087-9832-8134D9B5D13A}.Release|x64.ActiveCfg = Release|x64
		{A80F0C94-4C73-4087-9832-8134D9B5D13A}.Release|x64.Build.0 = Release|x64
		{A80F0C94-4C73-4087-9832-8134D9B5D13A}.Release|x86.ActiveCfg = Release|Win32
		{A80F0C94-4C73-4087-9832-8134D9B5D13A}.Release|x86.Build.0 = Release|Win32
		{3FCBB85F-54FB-4B37-A685-A72D0C347542}.Debug|x64.ActiveCfg = Debug|x64
		{3FCBB85F-54FB-4B37-A685-A72D0C347542}.Debug|x64.Build.0 = Debug|x64
		{3FCBB85F-54FB-4B37-A685-A72D0C347542}.Debug|x86.ActiveCfg = Debug|Win32
		{3FCBB85F-54FB-4B37-A685-A72D0C347542}.Debug|x86.Build.0 = Debug|Win32
		{3FCBB85F-54FB-4B37-A685-A72D0C347542}.Release|x64.ActiveCfg = Release|x64
		{3FCBB85F-54FB-4B37-A685-A72D0C347542}.Release|x64.Build.0 = Release|x64
		{3FCBB85F-54FB-4B37-A685-A72D0C347542}.Release|x86.ActiveCfg = Release|Win32
		{3FCBB85F-54FB-4B37-A685-A72D0C347542}.Release|x86.Build.0 = Release|Win32
		{D18F6EB5-9E0C-4CBE-8543-9DDFCA7E5082}.Debug|x64.ActiveCfg = Debug|x64
		{D18F6EB5-9E0C-4CBE-8543-9DDFCA7E5082}.Debug|x64.Build.0 = Debug|x64
		{D18F6EB5-9E0C-4CBE-8543-9DDFCA7E5082}.Debug|x86.ActiveCfg = Debug|Win32
		{D18F6EB5-9E0C-4CBE-8543-9DDFCA7E5082}.Debug|x86.Build.0 = Debug|Win32
		{D18F6EB5-9E0C-4CBE-8543-9DDFCA7E5082}.Release|x64.ActiveCfg = Release|x64
		{D18F6EB5-9E0C-4CBE-8543-9DDFCA7E5082}.Release|x64.Build.0 = Release|x64
		{D18F6EB5-9E0C-4CBE-8543-9DDFCA7E5082}.Release|x86.ActiveCfg = Release|Win32
		{D18F6EB5-9E0C-4CBE-8543-9DDFCA7E5082}.Release|x86.Build.0 = Release|Win32
		{D98EEC66-036C-4A6D-8059-8682742D61B3}.Debug|x64.ActiveCfg = Debug|x64
		{D98EEC66-036C-4A6D-8059-8682742D61B3}.Debug|x64.Build.0 = Debug|x64
		{D98EEC66-036C-4A6D-8059-8682742D61B3}.Debug|x86.ActiveCfg = Debug|Win32
		{D98EEC66-036C-4A6D-8059-8682742D61B3}.Debug|x86.Build.0 = Debug|Win32
		{D98EEC66-036C-4A6D-8059-8682742D61B3}.Release|x64.ActiveCfg = Release|x64
		{D98EEC66-036C-4A6D-8059-8682742D61B3}.Release|x64.Build.0 = Release|x64
		{D98EEC66-036C-4A6D-8059-8682742D61B3}.Release|x86.ActiveCfg = Release|Win32
		{D98EEC66-036C-4A6D-8059-8682742D61B3}.Release|x86.Build.0 = Release|Win32
		{D0E1D62D-2AFC-4F02-97AE-01631070225B}.Debug|x64.ActiveCfg = Debug|x64
		{D0E1D62D-2AFC-4F02-97AE-01631070225B}.Debug|x64.Build.0 = Debug|x64
		{D0E1D62D-2AFC-4F02-97AE-01631070225B}.Debug|x86.ActiveCfg = Debug|Win32
		{D0E1D62D-2AFC-4F02-97AE-01631070225B}.Debug|x86.Build.0 = Debug|Win32
		{D0E1D62D-2AFC-4F02-97AE-01631070225B}.Release|x64.ActiveCfg = Release|x64
		{D0E1D62D-2AFC-4F02-97AE-01631070225B}.Release|x64.Build.0 = Release|x64
		{D0E1D62D-2AFC-4F02-97AE-01631070225B}.Release|x86.ActiveCfg = Release|Win32
		{D0E1D62D-2AFC-4F02-97AE-01631070225B}.Release|x86.Build.0 = Release|Win32
		{5B294D0E-B597-4010-95DB-53DBA51228FD}.Debug|x64.ActiveCfg = Debug|x64
		{5B294D0E-B597-4010-95DB-53DBA51228FD}.Debug|x64.Build.0 = Debug|x64
		{5B294D0E-B597-4010-95DB-53DBA51228FD}.Debug|x86.ActiveCfg = Debug|Win32
		{5B294D0E-B597-4010-95DB-53DBA51228FD}.Debug|x86.Build.0 = Debug|Win32
		{5B294D0E-B597-4010-95DB-53DBA51228FD}.Release|x64.ActiveCfg = Release|x64
		{5B294D0E-B597-4010-95DB-53DBA51228FD}.Release|x64.Build.0 = Release|x64
		{5B294D0E-B597-4010-95DB-53DBA51228FD}.Release|x86.ActiveCfg = Release|Win32
		{5B294D0E-B597-4010-95DB-53DBA51228FD}.Release|x86.Build.0 = Release|Win32
		{9FF6AFEB-9735-45C7-A186-A13E210E5488}.Debug|x64.ActiveCfg = Debug|x64
		{9FF6AFEB-9735-45C7-A186-A13E210E5488}.Debug|x64.Build.0 = Debug|x64
		{9FF6AFEB-9735-45C7-A186-A13E210E5488}.Debug|x86.ActiveCfg = Debug|Win32
		{9FF6AFEB-9735-45C7-A186-A13E210E5488}.Debug|x86.Build.0 = Debug|Win32
		{9FF6AFEB-9735-45C7-A186-A13E210E5488}.Release|x64.ActiveCfg = Release|x64
		{9FF6AFEB-9735-45C7-A186-A13E210E5488}.Release|x64.Build.0 = Release|x64
		{9FF6AFEB-9735-45C7-A186-A13E210E5488}.Release|x86.ActiveCfg = Release|Win32
		{9FF6AFEB-9735-45C7-A186-A13E210E5488}.Release|x86.Build.0 = Release|Win32
		{1CA40F52-F48B-4274-88D1-CD6EC15970AC}.Debug|x64.ActiveCfg = Debug|x64
		{1CA40F52-F48B-4274-88D1-CD6EC15970AC}.Debug|x64.Build.0 = Debug|x64
		{1CA40F52-F48B-4274-88D1-CD6EC15970AC}.Debug|x86.ActiveCfg = Debug|Win32
		{1CA40F52-F48B-4274-88D1-CD6EC15970AC}.Debug|x86.Build.0 = Debug|Win32
		{1CA40F52-F48B-4274-88D1-CD6EC15970AC}.Release|x64.ActiveCfg = Release|x64
		{1CA40F52-F48B-4274-88D1-CD6EC15970AC}.Release|x64.Build.0 = Release|x64
		{1CA40F52-F48B-4274-88D1-CD6EC15970AC}.Release|x86.ActiveCfg = Release|Win32
		{1CA40F52-F48B-4274-88D1-CD6EC15970AC}.Release|x86.Build.0 = Release|Win32
		{AB6E1E44-D7D8-4950-ABB7-246B6353D48C}.Debug|x64.ActiveCfg = Debug|x64
		{AB6E1E44-D7D8-4950-ABB7-246B6353D48C}.Debug|x64.Build.0 = Debug|x64
		{AB6E1E44-D7D8-4950-ABB7-246B6353D48C}.Debug|x86.ActiveCfg = Debug|Win32
		{AB6E1E44-D7D8-4950-ABB7-246B6353D48C}.Debug|x86.Build.0 = Debug|Win32
		{AB6E1E44-D7D8-4950-ABB7-246B6353D48C}.Release|x64.ActiveCfg = Release|x64
		{AB6E1E44-D7D8-4950-ABB7-246B6353D48C}.Release|x64.Build.0 = Release|x64
		{AB6E1E44-D7D8-4950-ABB7-246B6353D48C}.Release|x86.ActiveCfg = Release|Win32
		{AB6E1E44-D7D8-4950-ABB7-246B6353D48C}.Release|x86.Build.0 = Release|Win32
		{38F78095-C398-46AB-A2B4-989D88D04932}.Debug|x64.ActiveCfg = Debug|x64
		{38F78095-C398-46AB-A2B4-989D88D04932}.Debug|x64.Build.0 = Debug|x64
		{38F78095-C398-46AB-A2B4-989D88D04932}.Debug|x86.ActiveCfg = Debug|Win32
		{38F78095-C398-46AB-A2B4-989D88D04932}.Debug|x86.Build.0 = Debug|Win32
		{38F78095-C398-46AB-A2B4-989D88D04932}.Release|x64.ActiveCfg = Release|x64
		{38F78095-C398-46AB-A2B4-989D88D04932}.Release|x64.Build.0 = Release|x64
		{38F78095-C398-46AB-A2B4-989D88D04932}.Release|x86.ActiveCfg = Release|Win32
		{38F78095-C398-46AB-A2B4-989D88D04932}.Release|x86.Build.0 = Release|Win32
		{DE55F58B-039F-4EED-A54B-6CCEE7FE6125}.Debug|x64.ActiveCfg = Debug|x64
		{DE55F58B-039F-4EED-A54B-6CCEE7FE6125}.Debug|x64.Build.0 = Debug|x64
		{DE55F58B-039F-4EED-A54B-6CCEE7FE6125}.Debug|x86.ActiveCfg = Debug|Win32
		{DE55F58B-039F-4EED-A54B-6CCEE7FE6125}.Debug|x86.Build.0 = Debug|Win32
		{DE55F58B-039F-4EED-A54B-6CCEE7FE6125}.Release|x64.ActiveCfg = Release|x64
		{DE55F58B-039F-4EED-A54B-6CCEE7FE6125}.Release|x64.Build.0 = Release|x64
		{DE55F58B-039F-4EED-A54B-6CCEE7FE6125}.Release|x86.ActiveCfg = Release|Win32
		{DE55F58B-039F-4EED-A54B-6CCEE7FE6125}.Release|x86.Build.0 = Release|Win32
		{4F2E82E0-22D0-41EF-89CE-764CC5682319}.Debug|x64.ActiveCfg = Debug|x64
		{4F2E82E0-22D0-41EF-89CE-764CC5682319}.Debug|x64.Build.0 = Debug|x64
		{4F2E82E0-22D0-41EF-89CE-764CC5682319}.Debug|x86.ActiveCfg = Debug|Win32
		{4F2E82E0-22D0-41EF-89CE-764CC5682319}.Debug|x86.Build.0 = Debug|Win32
		{4F2E82E0-22D0-41EF-89CE-764CC5682319}.Release|x64.ActiveCfg = Release|x64
		{4F2E82E0-22D0-41EF-89CE-764CC5682319}.Release|x64.Build.0 = Release|x64
		{4F2E82E0-22D0-41EF-89CE-764CC5682319}.Release|x86.ActiveCfg = Release|Win32
		{4F2E82E0-22D0-41EF-89CE-764CC5682319}.Release|x86.Build.0 = Release|Win32
		{B7B4F0E8-BF9E-4390-87D6-0440D687244F}.Debug|x64.ActiveCfg = Debug|x64
		{B7B4F0E8-BF9E-4390-87D6-0440D687244F}.Debug|x64.Build.0 = Debug|x64
		{B7B4F0E8-BF9E-4390-87D6-0440D687244F}.Debug|x86.ActiveCfg = Debug|Win32
		{B7B4F0E8-BF9E-4390-87D6-0440D687244F}.Debug|x86.Build.0 = Debug|Win32
		{B7B4F0E8-BF9E-4390-87D6-0440D687244F}.Release|x64.ActiveCfg = Release|x64
		{B7B4F0E8-BF9E-4390-87D6-0440D687244F}.Release|x64.Build.0 = Release|x64
		{B7B4F0E8-BF9E-4390-87D6-0440D687244F}.Release|x86.ActiveCfg = Release|Win32
		{B7B4F0E8-BF9E-4390-87D6-0440D687244F}.Release|x86.Build.0 = Release|Win32
		{F6B234FA-6BB1-4F97-9EC5-CFC3DBE786BA}.Debug|x64.ActiveCfg = Debug|x64
		{F6B234FA-6BB1-4F97-9EC5-CFC3DBE786BA}.Debug|x64.Build.0 = Debug|x64
		{F6B234FA-6BB1-4F97-9EC5-CFC3DBE786BA}.Debug|x86.ActiveCfg = Debug|Win32
		{F6B234FA-6BB1-4F97-9EC5-CFC3DBE786BA}.Debug|x86.Build.0 = Debug|Win32
		{F6B234FA-6BB1-4F97-9EC5-CFC3DBE786BA}.Release|x64.ActiveCfg = Release|x64
		{F6B234FA-6BB1-4F97-9EC5-CFC3DBE786BA}.Release|x64.Build.0 = Release|x64
		{F6B234FA-6BB1-4F97-9EC5-CFC3DBE786BA}.Release|x86.ActiveCfg = Release|Win32
		{F6B234FA-6BB1-4F97-9EC5-CFC3DBE786BA}.Release|x86.Build.0 = Release|Win32
		{9AF02C5D-8E9A-4ABA-A37D-89898D5124FD}.Debug|x64.ActiveCfg = Debug|x64
		{9AF02C5D-8E9A-4ABA-A37D-89898D5124FD}.Debug|x64.Build.0 = Debug|x64
		{9AF02C5D-8E9A-4ABA-A37D-89898D5124FD}.Debug|x86.ActiveCfg = Debug|Win32
		{9AF02C5D-8E9A-4ABA-A37D-89898D5124FD}.Debug|x86.Build.0 = Debug|Win32
		{9AF02C5D-8E9A-4ABA-A37D-89898D5124FD}.Release|x64.ActiveCfg = Release|x64
		{9AF02C5D-8E9A-4ABA-A37D-89898D5124FD}.Release|x64.Build.0 = Release|x64
		{9AF02C5D-8E9A-4ABA-A37D-89898D5124FD}.Release|x86.ActiveCfg = Release|Win32
		{9AF02C5D-8E9A-4ABA-A37D-89898D5124FD}.Release|x86.Build.0 = Release|Win32
		{02163DB2-C79D-4281-AD10-50A20248AB41}.Debug|x64.ActiveCfg = Debug|x64
		{02163DB2-C79D-4281-AD10-50A20248AB41}.Debug|x64.Build.0 = Debug|x64
		{02163DB2-C79D-4281-AD10-50A20248AB41}.Debug|x86.ActiveCfg = Debug|Win32
		{02163DB2-C79D-4281-AD10-50A20248AB41}.Debug|x86.Build.0 = Debug|Win32
		{02163DB2-C79D-4281-AD10-50A20248AB41}.Release|x64.ActiveCfg = Release|x64
		{02163DB2-C79D-4281-AD10-50A20248AB41}.Release|x64.Build.0 = Release|x64
		{02163DB2-C79D-4281-AD10-50A20248AB41}.Release|x86.ActiveCfg = Release|Win32
		{02163DB2-C79D-4281-AD10-50A20248AB41}.Release|x86.Build.0 = Release|Win32
		{2AC0294E-81D6-41AD-92EA-B2F47684D01E}.Debug|x64.ActiveCfg = Debug|x64
		{2AC0294E-81D6-41AD-92EA-B2F47684D01E}.Debug|x64.Build.0 = Debug|x64
		{2AC0294E-81D6-41AD-92EA-B2F47684D01E}.Debug|x86.ActiveCfg = Debug|Win32
		{2AC0294E-81D6-41AD-92EA-B2F47684D01E}.Debug|x86.Build.0 = Debug|Win32
		{2AC0294E-81D6-41AD-92EA-B2F47684D01E}.Release|x64.ActiveCfg = Release|x64
		{2AC0294E-81D6-41AD-92EA-B2F47684D01E}.Release|x64.Build.0 = Release|x64
		{2AC0294E-81D6-41AD-92EA-B2F47684D01E}.Release|x86.ActiveCfg = Release|Win32
		{2AC0294E-81D6-41AD-92EA-B2F47684D01E}.Release|x86.Build.0 = Release|Win32
		{A306A8D8-206B-4320-80F5-6BF15CD236BB}.Debug|x64.ActiveCfg = Debug|x64
		{A306A8D8-206B-4320-80F5-6BF15CD236BB}.Debug|x64.Build.0 = Debug|x64
		{A306A8D8-206B-4320-80F5-6BF15CD236BB}.Debug|x86.ActiveCfg = Debug|Win32
		{A306A8D8-206B-4320-80F5-6BF15CD236BB}.Debug|x86.Build.0 = Debug|Win32
		{A306A8D8-206B-4320-80F5-6BF15CD236BB}.Release|x64.ActiveCfg = Release|x64
		{A306A8D8-206B-4320-80F5-6BF15CD236BB}.Release|x64.Build.0 = Release|x64
		{A306A8D8-206B-4320-80F5-6BF15CD236BB}.Release|x86.ActiveCfg = Release|Win32
		{A306A8D8-206B-4320-80F5-6BF15CD236BB}.Release|x86.Build.0 = Release|Win32
		{2AA860B1-4C42-47FF-9155-C1FCDFC4A343}.Debug|x64.ActiveCfg = Debug|x64
		{2AA860B1-4C42-47FF-9155-C1FCDFC4A343}.Debug|x64.Build.0 = Debug|x64
		{2AA860B1-4C42-47FF-9155-C1FCDFC4A343}.Debug|x86.ActiveCfg = Debug|Win32
		{2AA860B1-4C42-47FF-9155-C1FCDFC4A343}.Debug|x86.Build.0 = Debug|Win32
		{2AA860B1-4C42-47FF-9155-C1FCDFC4A343}.Release|x64.ActiveCfg = Release|x64
		{2AA860B1-4C42-47FF-9155-C1FCDFC4A343}.Release|x64.Build.0 = Release|x64
		{2AA860B1-4C42-47FF-9155-C1FCDFC4A343}.Release|x86.ActiveCfg = Release|Win32
		{2AA860B1-4C42-47FF-9155-C1FCDFC4A343}.Release|x86.Build.0 = Release|Win32
		{C34392A0-7918-461E-BE40-84413ADAB9DC}.Debug|x64.ActiveCfg = Debug|x64
		{C34392A0-7918-461E-BE40-84413ADAB9DC}.Debug|x64.Build.0 = Debug|x64
		{C34392A0-7918-461E-BE40-84413ADAB9DC}.Debug|x86.ActiveCfg = Debug|Win32
		{C34392A0-7918-461E-BE40-84413ADAB9DC}.Debug|x86.Build.0 = Debug|Win32
		{C34392A0-7918-461E-BE40-84413ADAB9DC}.Release|x64.ActiveCfg = Release|x64
		{C34392A0-7918-461E-BE40-84413ADAB9DC}.Release|x64.Build.0 = Release|x64
		{C34392A0-7918-461E-BE40-84413ADAB9DC}.Release|x86.ActiveCfg = Release|Win32
		{C34392A0-7918-461E-BE40-84413ADAB9DC}.Release|x86.Build.0 = Release|Win32
		{21F6F3D7-9E1B-4D06-8C14-0DF74B65629D}.Debug|x64.ActiveCfg = Debug|x64
		{21F6F3D7-9E1B-4D06-8C14-0DF74B65629D}.Debug|x64.Build.0 = Debug|x64
		{21F6F3D7-9E1B-4D06-8C14-0DF74B65629D}.Debug|x86.ActiveCfg = Debug|Win32
		{21F6F3D7-9E1B-4D06-8C14-0DF74B65629D}.Debug|x86.Build.0 = Debug|Win32
		{21F6F3D7-9E1B-4D06-8C14-0DF74B65629D}.Release|x64.ActiveCfg = Release|x64
		{21F6F3D7-9E1B-4D06-8C14-0DF74B65629D}.Release|x64.Build.0 = Release|x64
		{21F6F3D7-9E1B-4D06-8C14-0DF74B65629D}.Release|x86.ActiveCfg = Release|Win32
		{21F6F3D7-9E1B-4D06-8C14-0DF74B65629D}.Release|x86.Build.0 = Release|Win32
		{B3F1B2E2-BD98-4283-82A5-2875A814E978}.Debug|x64.ActiveCfg = Debug|x64
		{B3F1B2E2-BD98-4283-82A5-2875A814E978}.Debug|x64.Build.0 = Debug|x64
		{B3F1B2E2-BD98-4283-82A5-2875A814E978}.Debug|x86.ActiveCfg = Debug|Win32
		{B3F1B2E2-BD98-4283-82A5-2875A814E978}.Debug|x86.Build.0 = Debug|Win32
		{B3F1B2E2-BD98-4283-82A5-2875A814E978}.Release|x64.ActiveCfg = Release|x64
		{B3F1B2E2-BD98-4283-82A5-2875A814E978}.Release|x64.Build.0 = Release|x64
		{B3F1B2E2-BD98-4283-82A5-2875A814E978}.Release|x86.ActiveCfg = Release|Win32
		{B3F1B2E2-BD98-4283-82A5-2875A814E978}.Release|x86.Build.0 = Release|Win32
	EndGlobalSection
	GlobalSection(SolutionProperties) = preSolution
		HideSolutionNode = FALSE
	EndGlobalSection
EndGlobal
